{
  "requires": true,
  "lockfileVersion": 1,
  "dependencies": {
    "clsx": {
      "version": "1.1.1",
      "resolved": "https://registry.npmjs.org/clsx/-/clsx-1.1.1.tgz",
      "integrity": "sha512-6/bPho624p3S2pMyvP5kKBPXnI3ufHLObBFCfgx+LkeR5lg2XYy2hqZqUf45ypD8COn2bhgGJSUE+l5dhNBieA=="
    },
    "react-icons": {
      "version": "4.3.1",
      "resolved": "https://registry.npmjs.org/react-icons/-/react-icons-4.3.1.tgz",
      "integrity": "sha512-cB10MXLTs3gVuXimblAdI71jrJx8njrJZmNMEMC+sQu5B/BIOmlsAjskdqpn81y8UBVEGuHODd7/ci5DvoSzTQ=="
    },
    "react-parallax-tilt": {
      "version": "1.5.83",
      "resolved": "https://registry.npmjs.org/react-parallax-tilt/-/react-parallax-tilt-1.5.83.tgz",
      "integrity": "sha512-v1GI9DdRnh8+NCBAKujv3cJLMoqnVbhqy6HW8EktwVHUxX9PSiwx05gDHeQOb1CynySmSJqze/bxF3pYg4CU1g=="
    },
    "react-toastify": {
      "version": "8.1.0",
      "resolved": "https://registry.npmjs.org/react-toastify/-/react-toastify-8.1.0.tgz",
      "integrity": "sha512-M+Q3rTmEw/53Csr7NsV/YnldJe4c7uERcY7Tma9mvLU98QT2VhIkKwjBzzxZkJRk/oBKyUAtkyMjMgO00hx6gQ==",
      "requires": {
        "clsx": "^1.1.1"
      }
    }
  }
}
